
Microsoft Visual Studio Solution File, Format Version 12.00
# Visual Studio Version 17
VisualStudioVersion = 17.2.32427.441
MinimumVisualStudioVersion = 10.0.40219.1
Project("{9A19103F-16F7-4668-BE54-9A1E7A4F7556}") = "Chameleon", "Chameleon\Chameleon.csproj", "{02577DB5-D01F-4A9F-94BF-3D4188A1C808}"
EndProject
Project("{9A19103F-16F7-4668-BE54-9A1E7A4F7556}") = "ECommons", "ECommons\ECommons\ECommons.csproj", "{392C1F70-638B-47B3-A166-39CD500BD05B}"
EndProject
Global
	GlobalSection(SolutionConfigurationPlatforms) = preSolution
		Debug|Any CPU = Debug|Any CPU
		Debug|x64 = Debug|x64
		Release|Any CPU = Release|Any CPU
		Release|x64 = Release|x64
	EndGlobalSection
	GlobalSection(ProjectConfigurationPlatforms) = postSolution
		{02577DB5-D01F-4A9F-94BF-3D4188A1C808}.Debug|Any CPU.ActiveCfg = Debug|x64
		{02577DB5-D01F-4A9F-94BF-3D4188A1C808}.Debug|Any CPU.Build.0 = Debug|x64
		{02577DB5-D01F-4A9F-94BF-3D4188A1C808}.Debug|x64.ActiveCfg = Debug|x64
		{02577DB5-D01F-4A9F-94BF-3D4188A1C808}.Debug|x64.Build.0 = Debug|x64
		{02577DB5-D01F-4A9F-94BF-3D4188A1C808}.Release|Any CPU.ActiveCfg = Release|x64
		{02577DB5-D01F-4A9F-94BF-3D4188A1C808}.Release|Any CPU.Build.0 = Release|x64
		{02577DB5-D01F-4A9F-94BF-3D4188A1C808}.Release|x64.ActiveCfg = Release|x64
		{02577DB5-D01F-4A9F-94BF-3D4188A1C808}.Release|x64.Build.0 = Release|x64
		{392C1F70-638B-47B3-A166-39CD500BD05B}.Debug|Any CPU.ActiveCfg = Debug|x64
		{392C1F70-638B-47B3-A166-39CD500BD05B}.Debug|Any CPU.Build.0 = Debug|x64
		{392C1F70-638B-47B3-A166-39CD500BD05B}.Debug|x64.ActiveCfg = Debug|x64
		{392C1F70-638B-47B3-A166-39CD500BD05B}.Debug|x64.Build.0 = Debug|x64
		{392C1F70-638B-47B3-A166-39CD500BD05B}.Release|Any CPU.ActiveCfg = Release|x64
		{392C1F70-638B-47B3-A166-39CD500BD05B}.Release|Any CPU.Build.0 = Release|x64
		{392C1F70-638B-47B3-A166-39CD500BD05B}.Release|x64.ActiveCfg = Release|x64
		{392C1F70-638B-47B3-A166-39CD500BD05B}.Release|x64.Build.0 = Release|x64
	EndGlobalSection
	GlobalSection(SolutionProperties) = preSolution
		HideSolutionNode = FALSE
	EndGlobalSection
	GlobalSection(ExtensibilityGlobals) = postSolution
		SolutionGuid = {C98A010C-7F99-40FB-A4FD-755B2B912E6B}
	EndGlobalSection
EndGlobal
